
Microsoft Visual Studio Solution File, Format Version 12.00
# Visual Studio Version 17
VisualStudioVersion = 17.2.32526.322
MinimumVisualStudioVersion = 10.0.40219.1
Project("{FAE04EC0-301F-11D3-BF4B-00C04F79EFBC}") = "Ejercicio 9", "Ejercicio 9\Ejercicio 9.csproj", "{CED8BDD9-4F3B-4B41-ADD4-D65369B77A6C}"
EndProject
Global
	GlobalSection(SolutionConfigurationPlatforms) = preSolution
		Debug|Any CPU = Debug|Any CPU
		Release|Any CPU = Release|Any CPU
	EndGlobalSection
	GlobalSection(ProjectConfigurationPlatforms) = postSolution
		{CED8BDD9-4F3B-4B41-ADD4-D65369B77A6C}.Debug|Any CPU.ActiveCfg = Debug|Any CPU
		{CED8BDD9-4F3B-4B41-ADD4-D65369B77A6C}.Debug|Any CPU.Build.0 = Debug|Any CPU
		{CED8BDD9-4F3B-4B41-ADD4-D65369B77A6C}.Release|Any CPU.ActiveCfg = Release|Any CPU
		{CED8BDD9-4F3B-4B41-ADD4-D65369B77A6C}.Release|Any CPU.Build.0 = Release|Any CPU
	EndGlobalSection
	GlobalSection(SolutionProperties) = preSolution
		HideSolutionNode = FALSE
	EndGlobalSection
	GlobalSection(ExtensibilityGlobals) = postSolution
		SolutionGuid = {38813A15-AEAD-4A60-8509-C2FB021249A6}
	EndGlobalSection
EndGlobal
